
Microsoft Visual Studio Solution File, Format Version 12.00
# Visual Studio Version 17
VisualStudioVersion = 17.5.001.0
MinimumVisualStudioVersion = 10.0.40219.1
Project("{9A19103F-16F7-4668-BE54-9A1E7A4F7556}") = "SmokeTests", "SmokeTests.csproj", "{231371B9-DD22-432F-981F-8101658C1DEE}"
EndProject
Global
	GlobalSection(SolutionConfigurationPlatforms) = preSolution
		Debug|Any CPU = Debug|Any CPU
		Release|Any CPU = Release|Any CPU
	EndGlobalSection
	GlobalSection(ProjectConfigurationPlatforms) = postSolution
		{231371B9-DD22-432F-981F-8101658C1DEE}.Debug|Any CPU.ActiveCfg = Debug|Any CPU
		{231371B9-DD22-432F-981F-8101658C1DEE}.Debug|Any CPU.Build.0 = Debug|Any CPU
		{231371B9-DD22-432F-981F-8101658C1DEE}.Release|Any CPU.ActiveCfg = Release|Any CPU
		{231371B9-DD22-432F-981F-8101658C1DEE}.Release|Any CPU.Build.0 = Release|Any CPU
	EndGlobalSection
	GlobalSection(SolutionProperties) = preSolution
		HideSolutionNode = FALSE
	EndGlobalSection
	GlobalSection(ExtensibilityGlobals) = postSolution
		SolutionGuid = {EF018AB9-6A87-483D-B866-1851683984FF}
	EndGlobalSection
EndGlobal
